
Microsoft Visual Studio Solution File, Format Version 12.00
# Visual Studio 15
VisualStudioVersion = 15.0.28010.2026
MinimumVisualStudioVersion = 10.0.40219.1
Project("{FAE04EC0-301F-11D3-BF4B-00C04F79EFBC}") = "CodeEditor", "CodeEditor\CodeEditor.csproj", "{BFE19ADE-7AF8-4FF8-A49B-CA2C7BC226ED}"
EndProject
Global
	GlobalSection(SolutionConfigurationPlatforms) = preSolution
		Debug|Any CPU = Debug|Any CPU
		Release|Any CPU = Release|Any CPU
	EndGlobalSection
	GlobalSection(ProjectConfigurationPlatforms) = postSolution
		{BFE19ADE-7AF8-4FF8-A49B-CA2C7BC226ED}.Debug|Any CPU.ActiveCfg = Debug|Any CPU
		{BFE19ADE-7AF8-4FF8-A49B-CA2C7BC226ED}.Debug|Any CPU.Build.0 = Debug|Any CPU
		{BFE19ADE-7AF8-4FF8-A49B-CA2C7BC226ED}.Release|Any CPU.ActiveCfg = Release|Any CPU
		{BFE19ADE-7AF8-4FF8-A49B-CA2C7BC226ED}.Release|Any CPU.Build.0 = Release|Any CPU
	EndGlobalSection
	GlobalSection(SolutionProperties) = preSolution
		HideSolutionNode = FALSE
	EndGlobalSection
	GlobalSection(ExtensibilityGlobals) = postSolution
		SolutionGuid = {524CCF01-BD6D-48A7-AB5D-BB84435FBDAE}
	EndGlobalSection
EndGlobal
